dependencies:
- name: postgresql
  repository: https://charts.bitnami.com/bitnami
  version: 10.3.13
- name: redis
  repository: https://charts.bitnami.com/bitnami
  version: 12.8.3
digest: sha256:a2178bc5e06a998a95b25390b988b8dc15445854b05da7d11e79271776f53b03
generated: "2021-03-18T09:09:37.495868269+01:00"
